// !$*UTF8*$!
{
	archiveVersion = 1;
	classes = {
	};
	objectVersion = 56;
	objects = {

/* Begin PBXBuildFile section */
		F540888B298788AC00343C89 /* H4XOR_News_SwiftUIApp.swift in Sources */ = {isa = PBXBuildFile; fileRef = F540888A298788AC00343C89 /* H4XOR_News_SwiftUIApp.swift */; };
		F540888D298788AC00343C89 /* ContentView.swift in Sources */ = {isa = PBXBuildFile; fileRef = F540888C298788AC00343C89 /* ContentView.swift */; };
		F540888F298788AD00343C89 /* Assets.xcassets in Resources */ = {isa = PBXBuildFile; fileRef = F540888E298788AD00343C89 /* Assets.xcassets */; };
		F5408892298788AD00343C89 /* Preview Assets.xcassets in Resources */ = {isa = PBXBuildFile; fileRef = F5408891298788AD00343C89 /* Preview Assets.xcassets */; };
		F540889C29878CAF00343C89 /* PostData.swift in Sources */ = {isa = PBXBuildFile; fileRef = F540889B29878CAF00343C89 /* PostData.swift */; };
		F540889E29878D9300343C89 /* NetworkManager.swift in Sources */ = {isa = PBXBuildFile; fileRef = F540889D29878D9300343C89 /* NetworkManager.swift */; };
		F54088A12988358A00343C89 /* DetailView.swift in Sources */ = {isa = PBXBuildFile; fileRef = F54088A02988358A00343C89 /* DetailView.swift */; };
		F54088A329883C1700343C89 /* WebView.swift in Sources */ = {isa = PBXBuildFile; fileRef = F54088A229883C1700343C89 /* WebView.swift */; };
/* End PBXBuildFile section */

/* Begin PBXFileReference section */
		F5408887298788AC00343C89 /* H4XOR News SwiftUI.app */ = {isa = PBXFileReference; explicitFileType = wrapper.application; includeInIndex = 0; path = "H4XOR News SwiftUI.app"; sourceTree = BUILT_PRODUCTS_DIR; };
		F540888A298788AC00343C89 /* H4XOR_News_SwiftUIApp.swift */ = {isa = PBXFileReference; lastKnownFileType = sourcecode.swift; path = H4XOR_News_SwiftUIApp.swift; sourceTree = "<group>"; };
		F540888C298788AC00343C89 /* ContentView.swift */ = {isa = PBXFileReference; lastKnownFileType = sourcecode.swift; path = ContentView.swift; sourceTree = "<group>"; };
		F540888E298788AD00343C89 /* Assets.xcassets */ = {isa = PBXFileReference; lastKnownFileType = folder.assetcatalog; path = Assets.xcassets; sourceTree = "<group>"; };
		F5408891298788AD00343C89 /* Preview Assets.xcassets */ = {isa = PBXFileReference; lastKnownFileType = folder.assetcatalog; path = "Preview Assets.xcassets"; sourceTree = "<group>"; };
		F540889B29878CAF00343C89 /* PostData.swift */ = {isa = PBXFileReference; lastKnownFileType = sourcecode.swift; path = PostData.swift; sourceTree = "<group>"; };
		F540889D29878D9300343C89 /* NetworkManager.swift */ = {isa = PBXFileReference; lastKnownFileType = sourcecode.swift; path = NetworkManager.swift; sourceTree = "<group>"; };
		F54088A02988358A00343C89 /* DetailView.swift */ = {isa = PBXFileReference; lastKnownFileType = sourcecode.swift; path = DetailView.swift; sourceTree = "<group>"; };
		F54088A229883C1700343C89 /* WebView.swift */ = {isa = PBXFileReference; lastKnownFileType = sourcecode.swift; path = WebView.swift; sourceTree = "<group>"; };
/* End PBXFileReference section */

/* Begin PBXFrameworksBuildPhase section */
		F5408884298788AC00343C89 /* Frameworks */ = {
			isa = PBXFrameworksBuildPhase;
			buildActionMask = 2147483647;
			files = (
			);
			runOnlyForDeploymentPostprocessing = 0;
		};
/* End PBXFrameworksBuildPhase section */

/* Begin PBXGroup section */
		F540887E298788AC00343C89 = {
			isa = PBXGroup;
			children = (
				F5408889298788AC00343C89 /* H4XOR News SwiftUI */,
				F5408888298788AC00343C89 /* Products */,
			);
			sourceTree = "<group>";
		};
		F5408888298788AC00343C89 /* Products */ = {
			isa = PBXGroup;
			children = (
				F5408887298788AC00343C89 /* H4XOR News SwiftUI.app */,
			);
			name = Products;
			sourceTree = "<group>";
		};
		F5408889298788AC00343C89 /* H4XOR News SwiftUI */ = {
			isa = PBXGroup;
			children = (
				F540889829878B6F00343C89 /* Models */,
				F540888A298788AC00343C89 /* H4XOR_News_SwiftUIApp.swift */,
				F540889F2988354F00343C89 /* Views */,
				F540888E298788AD00343C89 /* Assets.xcassets */,
				F5408890298788AD00343C89 /* Preview Content */,
			);
			path = "H4XOR News SwiftUI";
			sourceTree = "<group>";
		};
		F5408890298788AD00343C89 /* Preview Content */ = {
			isa = PBXGroup;
			children = (
				F5408891298788AD00343C89 /* Preview Assets.xcassets */,
			);
			path = "Preview Content";
			sourceTree = "<group>";
		};
		F540889829878B6F00343C89 /* Models */ = {
			isa = PBXGroup;
			children = (
				F540889B29878CAF00343C89 /* PostData.swift */,
				F540889D29878D9300343C89 /* NetworkManager.swift */,
			);
			path = Models;
			sourceTree = "<group>";
		};
		F540889F2988354F00343C89 /* Views */ = {
			isa = PBXGroup;
			children = (
				F540888C298788AC00343C89 /* ContentView.swift */,
				F54088A02988358A00343C89 /* DetailView.swift */,
				F54088A229883C1700343C89 /* WebView.swift */,
			);
			path = Views;
			sourceTree = "<group>";
		};
/* End PBXGroup section */

/* Begin PBXNativeTarget section */
		F5408886298788AC00343C89 /* H4XOR News SwiftUI */ = {
			isa = PBXNativeTarget;
			buildConfigurationList = F5408895298788AD00343C89 /* Build configuration list for PBXNativeTarget "H4XOR News SwiftUI" */;
			buildPhases = (
				F5408883298788AC00343C89 /* Sources */,
				F5408884298788AC00343C89 /* Frameworks */,
				F5408885298788AC00343C89 /* Resources */,
			);
			buildRules = (
			);
			dependencies = (
			);
			name = "H4XOR News SwiftUI";
			productName = "H4XOR News SwiftUI";
			productReference = F5408887298788AC00343C89 /* H4XOR News SwiftUI.app */;
			productType = "com.apple.product-type.application";
		};
/* End PBXNativeTarget section */

/* Begin PBXProject section */
		F540887F298788AC00343C89 /* Project object */ = {
			isa = PBXProject;
			attributes = {
				BuildIndependentTargetsInParallel = 1;
				LastSwiftUpdateCheck = 1420;
				LastUpgradeCheck = 1420;
				TargetAttributes = {
					F5408886298788AC00343C89 = {
						CreatedOnToolsVersion = 14.2;
					};
				};
			};
			buildConfigurationList = F5408882298788AC00343C89 /* Build configuration list for PBXProject "H4XOR News SwiftUI" */;
			compatibilityVersion = "Xcode 14.0";
			developmentRegion = en;
			hasScannedForEncodings = 0;
			knownRegions = (
				en,
				Base,
			);
			mainGroup = F540887E298788AC00343C89;
			productRefGroup = F5408888298788AC00343C89 /* Products */;
			projectDirPath = "";
			projectRoot = "";
			targets = (
				F5408886298788AC00343C89 /* H4XOR News SwiftUI */,
			);
		};
/* End PBXProject section */

/* Begin PBXResourcesBuildPhase section */
		F5408885298788AC00343C89 /* Resources */ = {
			isa = PBXResourcesBuildPhase;
			buildActionMask = 2147483647;
			files = (
				F5408892298788AD00343C89 /* Preview Assets.xcassets in Resources */,
				F540888F298788AD00343C89 /* Assets.xcassets in Resources */,
			);
			runOnlyForDeploymentPostprocessing = 0;
		};
/* End PBXResourcesBuildPhase section */

/* Begin PBXSourcesBuildPhase section */
		F5408883298788AC00343C89 /* Sources */ = {
			isa = PBXSourcesBuildPhase;
			buildActionMask = 2147483647;
			files = (
				F540889E29878D9300343C89 /* NetworkManager.swift in Sources */,
				F540888D298788AC00343C89 /* ContentView.swift in Sources */,
				F540889C29878CAF00343C89 /* PostData.swift in Sources */,
				F54088A329883C1700343C89 /* WebView.swift in Sources */,
				F54088A12988358A00343C89 /* DetailView.swift in Sources */,
				F540888B298788AC00343C89 /* H4XOR_News_SwiftUIApp.swift in Sources */,
			);
			runOnlyForDeploymentPostprocessing = 0;
		};
/* End PBXSourcesBuildPhase section */

/* Begin XCBuildConfiguration section */
		F5408893298788AD00343C89 /* Debug */ = {
			isa = XCBuildConfiguration;
			buildSettings = {
				ALWAYS_SEARCH_USER_PATHS = NO;
				CLANG_ANALYZER_NONNULL = YES;
				CLANG_ANALYZER_NUMBER_OBJECT_CONVERSION = YES_AGGRESSIVE;
				CLANG_CXX_LANGUAGE_STANDARD = "gnu++20";
				CLANG_ENABLE_MODULES = YES;
				CLANG_ENABLE_OBJC_ARC = YES;
				CLANG_ENABLE_OBJC_WEAK = YES;
				CLANG_WARN_BLOCK_CAPTURE_AUTORELEASING = YES;
				CLANG_WARN_BOOL_CONVERSION = YES;
				CLANG_WARN_COMMA = YES;
				CLANG_WARN_CONSTANT_CONVERSION = YES;
				CLANG_WARN_DEPRECATED_OBJC_IMPLEMENTATIONS = YES;
				CLANG_WARN_DIRECT_OBJC_ISA_USAGE = YES_ERROR;
				CLANG_WARN_DOCUMENTATION_COMMENTS = YES;
				CLANG_WARN_EMPTY_BODY = YES;
				CLANG_WARN_ENUM_CONVERSION = YES;
				CLANG_WARN_INFINITE_RECURSION = YES;
				CLANG_WARN_INT_CONVERSION = YES;
				CLANG_WARN_NON_LITERAL_NULL_CONVERSION = YES;
				CLANG_WARN_OBJC_IMPLICIT_RETAIN_SELF = YES;
				CLANG_WARN_OBJC_LITERAL_CONVERSION = YES;
				CLANG_WARN_OBJC_ROOT_CLASS = YES_ERROR;
				CLANG_WARN_QUOTED_INCLUDE_IN_FRAMEWORK_HEADER = YES;
				CLANG_WARN_RANGE_LOOP_ANALYSIS = YES;
				CLANG_WARN_STRICT_PROTOTYPES = YES;
				CLANG_WARN_SUSPICIOUS_MOVE = YES;
				CLANG_WARN_UNGUARDED_AVAILABILITY = YES_AGGRESSIVE;
				CLANG_WARN_UNREACHABLE_CODE = YES;
				CLANG_WARN__DUPLICATE_METHOD_MATCH = YES;
				COPY_PHASE_STRIP = NO;
				DEBUG_INFORMATION_FORMAT = dwarf;
				ENABLE_STRICT_OBJC_MSGSEND = YES;
				ENABLE_TESTABILITY = YES;
				GCC_C_LANGUAGE_STANDARD = gnu11;
				GCC_DYNAMIC_NO_PIC = NO;
				GCC_NO_COMMON_BLOCKS = YES;
				GCC_OPTIMIZATION_LEVEL = 0;
				GCC_PREPROCESSOR_DEFINITIONS = (
					"DEBUG=1",
					"$(inherited)",
				);
				GCC_WARN_64_TO_32_BIT_CONVERSION = YES;
				GCC_WARN_ABOUT_RETURN_TYPE = YES_ERROR;
				GCC_WARN_UNDECLARED_SELECTOR = YES;
				GCC_WARN_UNINITIALIZED_AUTOS = YES_AGGRESSIVE;
				GCC_WARN_UNUSED_FUNCTION = YES;
				GCC_WARN_UNUSED_VARIABLE = YES;
				IPHONEOS_DEPLOYMENT_TARGET = 16.2;
				MTL_ENABLE_DEBUG_INFO = INCLUDE_SOURCE;
				MTL_FAST_MATH = YES;
				ONLY_ACTIVE_ARCH = YES;
				SDKROOT = iphoneos;
				SWIFT_ACTIVE_COMPILATION_CONDITIONS = DEBUG;
				SWIFT_OPTIMIZATION_LEVEL = "-Onone";
			};
			name = Debug;
		};
		F5408894298788AD00343C89 /* Release */ = {
			isa = XCBuildConfiguration;
			buildSettings = {
				ALWAYS_SEARCH_USER_PATHS = NO;
				CLANG_ANALYZER_NONNULL = YES;
				CLANG_ANALYZER_NUMBER_OBJECT_CONVERSION = YES_AGGRESSIVE;
				CLANG_CXX_LANGUAGE_STANDARD = "gnu++20";
				CLANG_ENABLE_MODULES = YES;
				CLANG_ENABLE_OBJC_ARC = YES;
				CLANG_ENABLE_OBJC_WEAK = YES;
				CLANG_WARN_BLOCK_CAPTURE_AUTORELEASING = YES;
				CLANG_WARN_BOOL_CONVERSION = YES;
				CLANG_WARN_COMMA = YES;
				CLANG_WARN_CONSTANT_CONVERSION = YES;
				CLANG_WARN_DEPRECATED_OBJC_IMPLEMENTATIONS = YES;
				CLANG_WARN_DIRECT_OBJC_ISA_USAGE = YES_ERROR;
				CLANG_WARN_DOCUMENTATION_COMMENTS = YES;
				CLANG_WARN_EMPTY_BODY = YES;
				CLANG_WARN_ENUM_CONVERSION = YES;
				CLANG_WARN_INFINITE_RECURSION = YES;
				CLANG_WARN_INT_CONVERSION = YES;
				CLANG_WARN_NON_LITERAL_NULL_CONVERSION = YES;
				CLANG_WARN_OBJC_IMPLICIT_RETAIN_SELF = YES;
				CLANG_WARN_OBJC_LITERAL_CONVERSION = YES;
				CLANG_WARN_OBJC_ROOT_CLASS = YES_ERROR;
				CLANG_WARN_QUOTED_INCLUDE_IN_FRAMEWORK_HEADER = YES;
				CLANG_WARN_RANGE_LOOP_ANALYSIS = YES;
				CLANG_WARN_STRICT_PROTOTYPES = YES;
				CLANG_WARN_SUSPICIOUS_MOVE = YES;
				CLANG_WARN_UNGUARDED_AVAILABILITY = YES_AGGRESSIVE;
				CLANG_WARN_UNREACHABLE_CODE = YES;
				CLANG_WARN__DUPLICATE_METHOD_MATCH = YES;
				COPY_PHASE_STRIP = NO;
				DEBUG_INFORMATION_FORMAT = "dwarf-with-dsym";
				ENABLE_NS_ASSERTIONS = NO;
				ENABLE_STRICT_OBJC_MSGSEND = YES;
				GCC_C_LANGUAGE_STANDARD = gnu11;
				GCC_NO_COMMON_BLOCKS = YES;
				GCC_WARN_64_TO_32_BIT_CONVERSION = YES;
				GCC_WARN_ABOUT_RETURN_TYPE = YES_ERROR;
				GCC_WARN_UNDECLARED_SELECTOR = YES;
				GCC_WARN_UNINITIALIZED_AUTOS = YES_AGGRESSIVE;
				GCC_WARN_UNUSED_FUNCTION = YES;
				GCC_WARN_UNUSED_VARIABLE = YES;
				IPHONEOS_DEPLOYMENT_TARGET = 16.2;
				MTL_ENABLE_DEBUG_INFO = NO;
				MTL_FAST_MATH = YES;
				SDKROOT = iphoneos;
				SWIFT_COMPILATION_MODE = wholemodule;
				SWIFT_OPTIMIZATION_LEVEL = "-O";
				VALIDATE_PRODUCT = YES;
			};
			name = Release;
		};
		F5408896298788AD00343C89 /* Debug */ = {
			isa = XCBuildConfiguration;
			buildSettings = {
				ASSETCATALOG_COMPILER_APPICON_NAME = AppIcon;
				ASSETCATALOG_COMPILER_GLOBAL_ACCENT_COLOR_NAME = AccentColor;
				CODE_SIGN_STYLE = Automatic;
				CURRENT_PROJECT_VERSION = 1;
				DEVELOPMENT_ASSET_PATHS = "\"H4XOR News SwiftUI/Preview Content\"";
				DEVELOPMENT_TEAM = KAFY3252J8;
				ENABLE_PREVIEWS = YES;
				GENERATE_INFOPLIST_FILE = YES;
				INFOPLIST_KEY_UIApplicationSceneManifest_Generation = YES;
				INFOPLIST_KEY_UIApplicationSupportsIndirectInputEvents = YES;
				INFOPLIST_KEY_UILaunchScreen_Generation = YES;
				INFOPLIST_KEY_UISupportedInterfaceOrientations_iPad = "UIInterfaceOrientationPortrait UIInterfaceOrientationPortraitUpsideDown UIInterfaceOrientationLandscapeLeft UIInterfaceOrientationLandscapeRight";
				INFOPLIST_KEY_UISupportedInterfaceOrientations_iPhone = "UIInterfaceOrientationPortrait UIInterfaceOrientationLandscapeLeft UIInterfaceOrientationLandscapeRight";
				LD_RUNPATH_SEARCH_PATHS = (
					"$(inherited)",
					"@executable_path/Frameworks",
				);
				MARKETING_VERSION = 1.0;
				PRODUCT_BUNDLE_IDENTIFIER = "com.ilyapopov.H4XOR-News-SwiftUI";
				PRODUCT_NAME = "$(TARGET_NAME)";
				SWIFT_EMIT_LOC_STRINGS = YES;
				SWIFT_VERSION = 5.0;
				TARGETED_DEVICE_FAMILY = "1,2";
			};
			name = Debug;
		};
		F5408897298788AD00343C89 /* Release */ = {
			isa = XCBuildConfiguration;
			buildSettings = {
				ASSETCATALOG_COMPILER_APPICON_NAME = AppIcon;
				ASSETCATALOG_COMPILER_GLOBAL_ACCENT_COLOR_NAME = AccentColor;
				CODE_SIGN_STYLE = Automatic;
				CURRENT_PROJECT_VERSION = 1;
				DEVELOPMENT_ASSET_PATHS = "\"H4XOR News SwiftUI/Preview Content\"";
				DEVELOPMENT_TEAM = KAFY3252J8;
				ENABLE_PREVIEWS = YES;
				GENERATE_INFOPLIST_FILE = YES;
				INFOPLIST_KEY_UIApplicationSceneManifest_Generation = YES;
				INFOPLIST_KEY_UIApplicationSupportsIndirectInputEvents = YES;
				INFOPLIST_KEY_UILaunchScreen_Generation = YES;
				INFOPLIST_KEY_UISupportedInterfaceOrientations_iPad = "UIInterfaceOrientationPortrait UIInterfaceOrientationPortraitUpsideDown UIInterfaceOrientationLandscapeLeft UIInterfaceOrientationLandscapeRight";
				INFOPLIST_KEY_UISupportedInterfaceOrientations_iPhone = "UIInterfaceOrientationPortrait UIInterfaceOrientationLandscapeLeft UIInterfaceOrientationLandscapeRight";
				LD_RUNPATH_SEARCH_PATHS = (
					"$(inherited)",
					"@executable_path/Frameworks",
				);
				MARKETING_VERSION = 1.0;
				PRODUCT_BUNDLE_IDENTIFIER = "com.ilyapopov.H4XOR-News-SwiftUI";
				PRODUCT_NAME = "$(TARGET_NAME)";
				SWIFT_EMIT_LOC_STRINGS = YES;
				SWIFT_VERSION = 5.0;
				TARGETED_DEVICE_FAMILY = "1,2";
			};
			name = Release;
		};
/* End XCBuildConfiguration section */

/* Begin XCConfigurationList section */
		F5408882298788AC00343C89 /* Build configuration list for PBXProject "H4XOR News SwiftUI" */ = {
			isa = XCConfigurationList;
			buildConfigurations = (
				F5408893298788AD00343C89 /* Debug */,
				F5408894298788AD00343C89 /* Release */,
			);
			defaultConfigurationIsVisible = 0;
			defaultConfigurationName = Release;
		};
		F5408895298788AD00343C89 /* Build configuration list for PBXNativeTarget "H4XOR News SwiftUI" */ = {
			isa = XCConfigurationList;
			buildConfigurations = (
				F5408896298788AD00343C89 /* Debug */,
				F5408897298788AD00343C89 /* Release */,
			);
			defaultConfigurationIsVisible = 0;
			defaultConfigurationName = Release;
		};
/* End XCConfigurationList section */
	};
	rootObject = F540887F298788AC00343C89 /* Project object */;
}
